# @generated - this file is auto-generated by `mise lock` https://mise.jdx.dev/dev-tools/mise-lock.html

[[tools.go]]
version = "1.26.3"
backend = "core:go"

[tools.go."platforms.linux-arm64"]
checksum = "sha256:9d89a3ea57d141c2b22d70083f2c8459ba3890f2d9e818e7e933b75614936565"
url = "https://dl.google.com/go/go1.26.3.linux-arm64.tar.gz"

[tools.go."platforms.linux-arm64-musl"]
checksum = "sha256:9d89a3ea57d141c2b22d70083f2c8459ba3890f2d9e818e7e933b75614936565"
url = "https://dl.google.com/go/go1.26.3.linux-arm64.tar.gz"

[tools.go."platforms.linux-x64"]
checksum = "sha256:2b2cfc7148493da5e73981bffbf3353af381d5f93e789c82c79aff64962eb556"
url = "https://dl.google.com/go/go1.26.3.linux-amd64.tar.gz"

[tools.go."platforms.linux-x64-musl"]
checksum = "sha256:2b2cfc7148493da5e73981bffbf3353af381d5f93e789c82c79aff64962eb556"
url = "https://dl.google.com/go/go1.26.3.linux-amd64.tar.gz"

[tools.go."platforms.macos-arm64"]
checksum = "sha256:875cf54a15311eee2c99b9dd67c68c4a49351d489ab622bf2cfd28c8f2078d3c"
url = "https://dl.google.com/go/go1.26.3.darwin-arm64.tar.gz"

[tools.go."platforms.macos-x64"]
checksum = "sha256:278d580b32e299fe4a9c990fcf2d02acfe538c7e551a6ee18f9c7164573d2c63"
url = "https://dl.google.com/go/go1.26.3.darwin-amd64.tar.gz"

[tools.go."platforms.windows-x64"]
checksum = "sha256:20d2ceafb4ed41b96b879010927b28bc92a5be57a7c1801ce365a9ca51d3224a"
url = "https://dl.google.com/go/go1.26.3.windows-amd64.zip"

[[tools."go:golang.org/x/tools/gopls"]]
version = "0.22.0"
backend = "go:golang.org/x/tools/gopls"

[[tools."go:golang.org/x/vuln/cmd/govulncheck"]]
version = "1.3.0"
backend = "go:golang.org/x/vuln/cmd/govulncheck"

[[tools.golangci-lint]]
version = "2.12.2"
backend = "aqua:golangci/golangci-lint"

[tools.golangci-lint."platforms.linux-arm64"]
checksum = "sha256:44cd40a8c76c86755375adfeea52cfd3533cb43d7bd647771e0ae065e166df3a"
url = "https://github.com/golangci/golangci-lint/releases/download/v2.12.2/golangci-lint-2.12.2-linux-arm64.tar.gz"

[tools.golangci-lint."platforms.linux-arm64-musl"]
checksum = "sha256:44cd40a8c76c86755375adfeea52cfd3533cb43d7bd647771e0ae065e166df3a"
url = "https://github.com/golangci/golangci-lint/releases/download/v2.12.2/golangci-lint-2.12.2-linux-arm64.tar.gz"

[tools.golangci-lint."platforms.linux-x64"]
checksum = "sha256:8df580d2670fed8fa984aac0507099af8df275e665215f5c7a2ae3943893a553"
url = "https://github.com/golangci/golangci-lint/releases/download/v2.12.2/golangci-lint-2.12.2-linux-amd64.tar.gz"

[tools.golangci-lint."platforms.linux-x64-musl"]
checksum = "sha256:8df580d2670fed8fa984aac0507099af8df275e665215f5c7a2ae3943893a553"
url = "https://github.com/golangci/golangci-lint/releases/download/v2.12.2/golangci-lint-2.12.2-linux-amd64.tar.gz"

[tools.golangci-lint."platforms.macos-arm64"]
checksum = "sha256:a9c54498731b3128f79e090be6110f3e5fffccc617b08142ed244d4126c73f29"
url = "https://github.com/golangci/golangci-lint/releases/download/v2.12.2/golangci-lint-2.12.2-darwin-arm64.tar.gz"

[tools.golangci-lint."platforms.macos-x64"]
checksum = "sha256:f6f06d94b6241521c53d15450c5209b028270bf966f842afb11c030c79f5bc16"
url = "https://github.com/golangci/golangci-lint/releases/download/v2.12.2/golangci-lint-2.12.2-darwin-amd64.tar.gz"

[tools.golangci-lint."platforms.windows-x64"]
checksum = "sha256:bd42e3ebc8cb4ececb86941983baaf1dc221bbb04d838e94ce63b49cc91e02bb"
url = "https://github.com/golangci/golangci-lint/releases/download/v2.12.2/golangci-lint-2.12.2-windows-amd64.zip"

[[tools.goreleaser]]
version = "2.16.0"
backend = "aqua:goreleaser/goreleaser"

[tools.goreleaser."platforms.linux-arm64"]
checksum = "sha256:0102d974373fcdeb77042d1f5897caffa193be36620fdc6c1da43a01ef8e10d3"
url = "https://github.com/goreleaser/goreleaser/releases/download/v2.16.0/goreleaser_Linux_arm64.tar.gz"
provenance = "cosign"

[tools.goreleaser."platforms.linux-arm64-musl"]
checksum = "sha256:0102d974373fcdeb77042d1f5897caffa193be36620fdc6c1da43a01ef8e10d3"
url = "https://github.com/goreleaser/goreleaser/releases/download/v2.16.0/goreleaser_Linux_arm64.tar.gz"
provenance = "cosign"

[tools.goreleaser."platforms.linux-x64"]
checksum = "sha256:eaae05b5eba07533bd0f06846b68c808399504784df00c62eb219541fc04e5e2"
url = "https://github.com/goreleaser/goreleaser/releases/download/v2.16.0/goreleaser_Linux_x86_64.tar.gz"
provenance = "cosign"

[tools.goreleaser."platforms.linux-x64-musl"]
checksum = "sha256:eaae05b5eba07533bd0f06846b68c808399504784df00c62eb219541fc04e5e2"
url = "https://github.com/goreleaser/goreleaser/releases/download/v2.16.0/goreleaser_Linux_x86_64.tar.gz"
provenance = "cosign"

[tools.goreleaser."platforms.macos-arm64"]
checksum = "sha256:6a102e4d588fd3553a9ac7321ca6023a9f205843f4861ca35bd337dfa9e72ece"
url = "https://github.com/goreleaser/goreleaser/releases/download/v2.16.0/goreleaser_Darwin_all.tar.gz"
provenance = "cosign"

[tools.goreleaser."platforms.macos-x64"]
checksum = "sha256:6a102e4d588fd3553a9ac7321ca6023a9f205843f4861ca35bd337dfa9e72ece"
url = "https://github.com/goreleaser/goreleaser/releases/download/v2.16.0/goreleaser_Darwin_all.tar.gz"
provenance = "cosign"

[tools.goreleaser."platforms.windows-x64"]
checksum = "sha256:6fe5eda11f0bcac8069aff3ef3dcb0b11816c9e95f89773595564697a5278bc9"
url = "https://github.com/goreleaser/goreleaser/releases/download/v2.16.0/goreleaser_Windows_x86_64.zip"
provenance = "cosign"
